
Microsoft Visual Studio Solution File, Format Version 12.00
# Visual Studio 15
Project("{FAE04EC0-301F-11D3-BF4B-00C04F79EFBC}") = "ShortestPalindromeTestProblem", "ShortestPalindromeTestProblem\ShortestPalindromeTestProblem.csproj", "{E2543B68-45F0-4ED1-B731-6B39EEBA3598}"
EndProject
Global
	GlobalSection(SolutionConfigurationPlatforms) = preSolution
		Debug|Any CPU = Debug|Any CPU
		Release|Any CPU = Release|Any CPU
	EndGlobalSection
	GlobalSection(ProjectConfigurationPlatforms) = postSolution
		{E2543B68-45F0-4ED1-B731-6B39EEBA3598}.Debug|Any CPU.ActiveCfg = Debug|Any CPU
		{E2543B68-45F0-4ED1-B731-6B39EEBA3598}.Debug|Any CPU.Build.0 = Debug|Any CPU
		{E2543B68-45F0-4ED1-B731-6B39EEBA3598}.Release|Any CPU.ActiveCfg = Release|Any CPU
		{E2543B68-45F0-4ED1-B731-6B39EEBA3598}.Release|Any CPU.Build.0 = Release|Any CPU
	EndGlobalSection
EndGlobal
